// !$*UTF8*$!
{
	archiveVersion = 1;
	classes = {
	};
	objectVersion = 46;
	objects = {

/* Begin PBXBuildFile section */
		176AB0EC6A3F4ACB03446467 /* Pods_Ibeacon_testTests.framework in Frameworks */ = {isa = PBXBuildFile; fileRef = ED2D1FFFFE2D24714712CA10 /* Pods_Ibeacon_testTests.framework */; };
		841ECEF21DE18CFE000AE3B6 /* ServerRequestor.swift in Sources */ = {isa = PBXBuildFile; fileRef = 841ECEF11DE18CFE000AE3B6 /* ServerRequestor.swift */; };
		841ECEF71DE22F14000AE3B6 /* DataStore.swift in Sources */ = {isa = PBXBuildFile; fileRef = 841ECEF61DE22F14000AE3B6 /* DataStore.swift */; };
		841ECEF91DE22F27000AE3B6 /* JSONParser.swift in Sources */ = {isa = PBXBuildFile; fileRef = 841ECEF81DE22F27000AE3B6 /* JSONParser.swift */; };
		841ECEFB1DF40DE2000AE3B6 /* DateParser.swift in Sources */ = {isa = PBXBuildFile; fileRef = 841ECEFA1DF40DE2000AE3B6 /* DateParser.swift */; };
		842AF1191DDFB35900A35D81 /* Restaurant.swift in Sources */ = {isa = PBXBuildFile; fileRef = 842AF1181DDFB35900A35D81 /* Restaurant.swift */; };
		842AF11D1DDFC47F00A35D81 /* MockData.swift in Sources */ = {isa = PBXBuildFile; fileRef = 842AF11C1DDFC47F00A35D81 /* MockData.swift */; };
		A84D1FAD51FD754AA8744E32 /* Pods_Ibeacon_testUITests.framework in Frameworks */ = {isa = PBXBuildFile; fileRef = 7A3C256EC68D0ED490695174 /* Pods_Ibeacon_testUITests.framework */; };
		A9988A2D1DD0AE4A0028108E /* AppDelegate.swift in Sources */ = {isa = PBXBuildFile; fileRef = A9988A2C1DD0AE4A0028108E /* AppDelegate.swift */; };
		A9988A2F1DD0AE4A0028108E /* ViewController.swift in Sources */ = {isa = PBXBuildFile; fileRef = A9988A2E1DD0AE4A0028108E /* ViewController.swift */; };
		A9988A321DD0AE4A0028108E /* Main.storyboard in Resources */ = {isa = PBXBuildFile; fileRef = A9988A301DD0AE4A0028108E /* Main.storyboard */; };
		A9988A341DD0AE4A0028108E /* Assets.xcassets in Resources */ = {isa = PBXBuildFile; fileRef = A9988A331DD0AE4A0028108E /* Assets.xcassets */; };
		A9988A371DD0AE4A0028108E /* LaunchScreen.storyboard in Resources */ = {isa = PBXBuildFile; fileRef = A9988A351DD0AE4A0028108E /* LaunchScreen.storyboard */; };
		A9988A421DD0AE4B0028108E /* Ibeacon_testTests.swift in Sources */ = {isa = PBXBuildFile; fileRef = A9988A411DD0AE4B0028108E /* Ibeacon_testTests.swift */; };
		A9988A4D1DD0AE4B0028108E /* Ibeacon_testUITests.swift in Sources */ = {isa = PBXBuildFile; fileRef = A9988A4C1DD0AE4B0028108E /* Ibeacon_testUITests.swift */; };
		DCEA0933215A3FE17CD514AB /* Pods_Ibeacon_test.framework in Frameworks */ = {isa = PBXBuildFile; fileRef = 6A7364040FC73D9A182BA9B7 /* Pods_Ibeacon_test.framework */; };
/* End PBXBuildFile section */

/* Begin PBXContainerItemProxy section */
		A9988A3E1DD0AE4B0028108E /* PBXContainerItemProxy */ = {
			isa = PBXContainerItemProxy;
			containerPortal = A9988A211DD0AE4A0028108E /* Project object */;
			proxyType = 1;
			remoteGlobalIDString = A9988A281DD0AE4A0028108E;
			remoteInfo = Ibeacon_test;
		};
		A9988A491DD0AE4B0028108E /* PBXContainerItemProxy */ = {
			isa = PBXContainerItemProxy;
			containerPortal = A9988A211DD0AE4A0028108E /* Project object */;
			proxyType = 1;
			remoteGlobalIDString = A9988A281DD0AE4A0028108E;
			remoteInfo = Ibeacon_test;
		};
/* End PBXContainerItemProxy section */

/* Begin PBXFileReference section */
		2909CA7B817DB80973D09835 /* Pods-Ibeacon_testTests.release.xcconfig */ = {isa = PBXFileReference; includeInIndex = 1; lastKnownFileType = text.xcconfig; name = "Pods-Ibeacon_testTests.release.xcconfig"; path = "Pods/Target Support Files/Pods-Ibeacon_testTests/Pods-Ibeacon_testTests.release.xcconfig"; sourceTree = "<group>"; };
		2CC076563E83BDEA62E79D43 /* Pods-Ibeacon_testUITests.debug.xcconfig */ = {isa = PBXFileReference; includeInIndex = 1; lastKnownFileType = text.xcconfig; name = "Pods-Ibeacon_testUITests.debug.xcconfig"; path = "Pods/Target Support Files/Pods-Ibeacon_testUITests/Pods-Ibeacon_testUITests.debug.xcconfig"; sourceTree = "<group>"; };
		6A7364040FC73D9A182BA9B7 /* Pods_Ibeacon_test.framework */ = {isa = PBXFileReference; explicitFileType = wrapper.framework; includeInIndex = 0; path = Pods_Ibeacon_test.framework; sourceTree = BUILT_PRODUCTS_DIR; };
		6C0E429849837ED9E107D1F8 /* Pods-Ibeacon_test.debug.xcconfig */ = {isa = PBXFileReference; includeInIndex = 1; lastKnownFileType = text.xcconfig; name = "Pods-Ibeacon_test.debug.xcconfig"; path = "Pods/Target Support Files/Pods-Ibeacon_test/Pods-Ibeacon_test.debug.xcconfig"; sourceTree = "<group>"; };
		7A3C256EC68D0ED490695174 /* Pods_Ibeacon_testUITests.framework */ = {isa = PBXFileReference; explicitFileType = wrapper.framework; includeInIndex = 0; path = Pods_Ibeacon_testUITests.framework; sourceTree = BUILT_PRODUCTS_DIR; };
		841ECEF11DE18CFE000AE3B6 /* ServerRequestor.swift */ = {isa = PBXFileReference; fileEncoding = 4; lastKnownFileType = sourcecode.swift; path = ServerRequestor.swift; sourceTree = "<group>"; };
		841ECEF61DE22F14000AE3B6 /* DataStore.swift */ = {isa = PBXFileReference; fileEncoding = 4; lastKnownFileType = sourcecode.swift; path = DataStore.swift; sourceTree = "<group>"; };
		841ECEF81DE22F27000AE3B6 /* JSONParser.swift */ = {isa = PBXFileReference; fileEncoding = 4; lastKnownFileType = sourcecode.swift; path = JSONParser.swift; sourceTree = "<group>"; };
		841ECEFA1DF40DE2000AE3B6 /* DateParser.swift */ = {isa = PBXFileReference; fileEncoding = 4; lastKnownFileType = sourcecode.swift; path = DateParser.swift; sourceTree = "<group>"; };
		842AF1181DDFB35900A35D81 /* Restaurant.swift */ = {isa = PBXFileReference; fileEncoding = 4; lastKnownFileType = sourcecode.swift; path = Restaurant.swift; sourceTree = "<group>"; };
		842AF11C1DDFC47F00A35D81 /* MockData.swift */ = {isa = PBXFileReference; fileEncoding = 4; lastKnownFileType = sourcecode.swift; path = MockData.swift; sourceTree = "<group>"; };
		A9988A291DD0AE4A0028108E /* Ibeacon_test.app */ = {isa = PBXFileReference; explicitFileType = wrapper.application; includeInIndex = 0; path = Ibeacon_test.app; sourceTree = BUILT_PRODUCTS_DIR; };
		A9988A2C1DD0AE4A0028108E /* AppDelegate.swift */ = {isa = PBXFileReference; lastKnownFileType = sourcecode.swift; path = AppDelegate.swift; sourceTree = "<group>"; };
		A9988A2E1DD0AE4A0028108E /* ViewController.swift */ = {isa = PBXFileReference; lastKnownFileType = sourcecode.swift; path = ViewController.swift; sourceTree = "<group>"; };
		A9988A311DD0AE4A0028108E /* Base */ = {isa = PBXFileReference; lastKnownFileType = file.storyboard; name = Base; path = Base.lproj/Main.storyboard; sourceTree = "<group>"; };
		A9988A331DD0AE4A0028108E /* Assets.xcassets */ = {isa = PBXFileReference; lastKnownFileType = folder.assetcatalog; path = Assets.xcassets; sourceTree = "<group>"; };
		A9988A361DD0AE4A0028108E /* Base */ = {isa = PBXFileReference; lastKnownFileType = file.storyboard; name = Base; path = Base.lproj/LaunchScreen.storyboard; sourceTree = "<group>"; };
		A9988A381DD0AE4A0028108E /* Info.plist */ = {isa = PBXFileReference; lastKnownFileType = text.plist.xml; path = Info.plist; sourceTree = "<group>"; };
		A9988A3D1DD0AE4B0028108E /* Ibeacon_testTests.xctest */ = {isa = PBXFileReference; explicitFileType = wrapper.cfbundle; includeInIndex = 0; path = Ibeacon_testTests.xctest; sourceTree = BUILT_PRODUCTS_DIR; };
		A9988A411DD0AE4B0028108E /* Ibeacon_testTests.swift */ = {isa = PBXFileReference; lastKnownFileType = sourcecode.swift; path = Ibeacon_testTests.swift; sourceTree = "<group>"; };
		A9988A431DD0AE4B0028108E /* Info.plist */ = {isa = PBXFileReference; lastKnownFileType = text.plist.xml; path = Info.plist; sourceTree = "<group>"; };
		A9988A481DD0AE4B0028108E /* Ibeacon_testUITests.xctest */ = {isa = PBXFileReference; explicitFileType = wrapper.cfbundle; includeInIndex = 0; path = Ibeacon_testUITests.xctest; sourceTree = BUILT_PRODUCTS_DIR; };
		A9988A4C1DD0AE4B0028108E /* Ibeacon_testUITests.swift */ = {isa = PBXFileReference; lastKnownFileType = sourcecode.swift; path = Ibeacon_testUITests.swift; sourceTree = "<group>"; };
		A9988A4E1DD0AE4B0028108E /* Info.plist */ = {isa = PBXFileReference; lastKnownFileType = text.plist.xml; path = Info.plist; sourceTree = "<group>"; };
		BE91D227B134D25C1D6BFE3A /* Pods-Ibeacon_testUITests.release.xcconfig */ = {isa = PBXFileReference; includeInIndex = 1; lastKnownFileType = text.xcconfig; name = "Pods-Ibeacon_testUITests.release.xcconfig"; path = "Pods/Target Support Files/Pods-Ibeacon_testUITests/Pods-Ibeacon_testUITests.release.xcconfig"; sourceTree = "<group>"; };
		CC1F2E606370FD302B640469 /* Pods-Ibeacon_testTests.debug.xcconfig */ = {isa = PBXFileReference; includeInIndex = 1; lastKnownFileType = text.xcconfig; name = "Pods-Ibeacon_testTests.debug.xcconfig"; path = "Pods/Target Support Files/Pods-Ibeacon_testTests/Pods-Ibeacon_testTests.debug.xcconfig"; sourceTree = "<group>"; };
		ED2D1FFFFE2D24714712CA10 /* Pods_Ibeacon_testTests.framework */ = {isa = PBXFileReference; explicitFileType = wrapper.framework; includeInIndex = 0; path = Pods_Ibeacon_testTests.framework; sourceTree = BUILT_PRODUCTS_DIR; };
		F1B88E2AAE0E63FB754DA602 /* Pods-Ibeacon_test.release.xcconfig */ = {isa = PBXFileReference; includeInIndex = 1; lastKnownFileType = text.xcconfig; name = "Pods-Ibeacon_test.release.xcconfig"; path = "Pods/Target Support Files/Pods-Ibeacon_test/Pods-Ibeacon_test.release.xcconfig"; sourceTree = "<group>"; };
/* End PBXFileReference section */

/* Begin PBXFrameworksBuildPhase section */
		A9988A261DD0AE4A0028108E /* Frameworks */ = {
			isa = PBXFrameworksBuildPhase;
			buildActionMask = 2147483647;
			files = (
				DCEA0933215A3FE17CD514AB /* Pods_Ibeacon_test.framework in Frameworks */,
			);
			runOnlyForDeploymentPostprocessing = 0;
		};
		A9988A3A1DD0AE4B0028108E /* Frameworks */ = {
			isa = PBXFrameworksBuildPhase;
			buildActionMask = 2147483647;
			files = (
				176AB0EC6A3F4ACB03446467 /* Pods_Ibeacon_testTests.framework in Frameworks */,
			);
			runOnlyForDeploymentPostprocessing = 0;
		};
		A9988A451DD0AE4B0028108E /* Frameworks */ = {
			isa = PBXFrameworksBuildPhase;
			buildActionMask = 2147483647;
			files = (
				A84D1FAD51FD754AA8744E32 /* Pods_Ibeacon_testUITests.framework in Frameworks */,
			);
			runOnlyForDeploymentPostprocessing = 0;
		};
/* End PBXFrameworksBuildPhase section */

/* Begin PBXGroup section */
		6CE8D7DC0E1B46701AD89474 /* Frameworks */ = {
			isa = PBXGroup;
			children = (
				6A7364040FC73D9A182BA9B7 /* Pods_Ibeacon_test.framework */,
				ED2D1FFFFE2D24714712CA10 /* Pods_Ibeacon_testTests.framework */,
				7A3C256EC68D0ED490695174 /* Pods_Ibeacon_testUITests.framework */,
			);
			name = Frameworks;
			sourceTree = "<group>";
		};
		841ECEF01DE18A7B000AE3B6 /* Network */ = {
			isa = PBXGroup;
			children = (
				841ECEF11DE18CFE000AE3B6 /* ServerRequestor.swift */,
			);
			name = Network;
			sourceTree = "<group>";
		};
		841ECEF31DE22E24000AE3B6 /* Data */ = {
			isa = PBXGroup;
			children = (
				842AF11C1DDFC47F00A35D81 /* MockData.swift */,
				841ECEF61DE22F14000AE3B6 /* DataStore.swift */,
			);
			name = Data;
			sourceTree = "<group>";
		};
		841ECEF51DE22EF8000AE3B6 /* Parsers */ = {
			isa = PBXGroup;
			children = (
				841ECEF81DE22F27000AE3B6 /* JSONParser.swift */,
				841ECEFA1DF40DE2000AE3B6 /* DateParser.swift */,
			);
			name = Parsers;
			sourceTree = "<group>";
		};
		842AF1171DDFB33F00A35D81 /* Models */ = {
			isa = PBXGroup;
			children = (
				842AF1181DDFB35900A35D81 /* Restaurant.swift */,
			);
			name = Models;
			sourceTree = "<group>";
		};
		A9988A201DD0AE4A0028108E = {
			isa = PBXGroup;
			children = (
				A9988A2B1DD0AE4A0028108E /* Ibeacon_test */,
				A9988A401DD0AE4B0028108E /* Ibeacon_testTests */,
				A9988A4B1DD0AE4B0028108E /* Ibeacon_testUITests */,
				A9988A2A1DD0AE4A0028108E /* Products */,
				D9420568165BFC7FFF7AD644 /* Pods */,
				6CE8D7DC0E1B46701AD89474 /* Frameworks */,
			);
			sourceTree = "<group>";
		};
		A9988A2A1DD0AE4A0028108E /* Products */ = {
			isa = PBXGroup;
			children = (
				A9988A291DD0AE4A0028108E /* Ibeacon_test.app */,
				A9988A3D1DD0AE4B0028108E /* Ibeacon_testTests.xctest */,
				A9988A481DD0AE4B0028108E /* Ibeacon_testUITests.xctest */,
			);
			name = Products;
			sourceTree = "<group>";
		};
		A9988A2B1DD0AE4A0028108E /* Ibeacon_test */ = {
			isa = PBXGroup;
			children = (
				841ECEF51DE22EF8000AE3B6 /* Parsers */,
				841ECEF31DE22E24000AE3B6 /* Data */,
				841ECEF01DE18A7B000AE3B6 /* Network */,
				842AF1171DDFB33F00A35D81 /* Models */,
				A9988A2C1DD0AE4A0028108E /* AppDelegate.swift */,
				A9988A2E1DD0AE4A0028108E /* ViewController.swift */,
				A9988A301DD0AE4A0028108E /* Main.storyboard */,
				A9988A331DD0AE4A0028108E /* Assets.xcassets */,
				A9988A351DD0AE4A0028108E /* LaunchScreen.storyboard */,
				A9988A381DD0AE4A0028108E /* Info.plist */,
			);
			path = Ibeacon_test;
			sourceTree = "<group>";
		};
		A9988A401DD0AE4B0028108E /* Ibeacon_testTests */ = {
			isa = PBXGroup;
			children = (
				A9988A411DD0AE4B0028108E /* Ibeacon_testTests.swift */,
				A9988A431DD0AE4B0028108E /* Info.plist */,
			);
			path = Ibeacon_testTests;
			sourceTree = "<group>";
		};
		A9988A4B1DD0AE4B0028108E /* Ibeacon_testUITests */ = {
			isa = PBXGroup;
			children = (
				A9988A4C1DD0AE4B0028108E /* Ibeacon_testUITests.swift */,
				A9988A4E1DD0AE4B0028108E /* Info.plist */,
			);
			path = Ibeacon_testUITests;
			sourceTree = "<group>";
		};
		D9420568165BFC7FFF7AD644 /* Pods */ = {
			isa = PBXGroup;
			children = (
				6C0E429849837ED9E107D1F8 /* Pods-Ibeacon_test.debug.xcconfig */,
				F1B88E2AAE0E63FB754DA602 /* Pods-Ibeacon_test.release.xcconfig */,
				CC1F2E606370FD302B640469 /* Pods-Ibeacon_testTests.debug.xcconfig */,
				2909CA7B817DB80973D09835 /* Pods-Ibeacon_testTests.release.xcconfig */,
				2CC076563E83BDEA62E79D43 /* Pods-Ibeacon_testUITests.debug.xcconfig */,
				BE91D227B134D25C1D6BFE3A /* Pods-Ibeacon_testUITests.release.xcconfig */,
			);
			name = Pods;
			sourceTree = "<group>";
		};
/* End PBXGroup section */

/* Begin PBXNativeTarget section */
		A9988A281DD0AE4A0028108E /* Ibeacon_test */ = {
			isa = PBXNativeTarget;
			buildConfigurationList = A9988A511DD0AE4B0028108E /* Build configuration list for PBXNativeTarget "Ibeacon_test" */;
			buildPhases = (
				6EFB27A89C1FD7CEACEAFD52 /* [CP] Check Pods Manifest.lock */,
				A9988A251DD0AE4A0028108E /* Sources */,
				A9988A261DD0AE4A0028108E /* Frameworks */,
				A9988A271DD0AE4A0028108E /* Resources */,
				BCDF48CAE2E9CAA9322AB68B /* [CP] Embed Pods Frameworks */,
				24994F8FD706F5F9E844C550 /* [CP] Copy Pods Resources */,
			);
			buildRules = (
			);
			dependencies = (
			);
			name = Ibeacon_test;
			productName = Ibeacon_test;
			productReference = A9988A291DD0AE4A0028108E /* Ibeacon_test.app */;
			productType = "com.apple.product-type.application";
		};
		A9988A3C1DD0AE4B0028108E /* Ibeacon_testTests */ = {
			isa = PBXNativeTarget;
			buildConfigurationList = A9988A541DD0AE4B0028108E /* Build configuration list for PBXNativeTarget "Ibeacon_testTests" */;
			buildPhases = (
				969BEA80E52293A6B970038B /* [CP] Check Pods Manifest.lock */,
				A9988A391DD0AE4B0028108E /* Sources */,
				A9988A3A1DD0AE4B0028108E /* Frameworks */,
				A9988A3B1DD0AE4B0028108E /* Resources */,
				8D25A5946F8E82323A7C7201 /* [CP] Embed Pods Frameworks */,
				9B85545E84645492581EDDA6 /* [CP] Copy Pods Resources */,
			);
			buildRules = (
			);
			dependencies = (
				A9988A3F1DD0AE4B0028108E /* PBXTargetDependency */,
			);
			name = Ibeacon_testTests;
			productName = Ibeacon_testTests;
			productReference = A9988A3D1DD0AE4B0028108E /* Ibeacon_testTests.xctest */;
			productType = "com.apple.product-type.bundle.unit-test";
		};
		A9988A471DD0AE4B0028108E /* Ibeacon_testUITests */ = {
			isa = PBXNativeTarget;
			buildConfigurationList = A9988A571DD0AE4B0028108E /* Build configuration list for PBXNativeTarget "Ibeacon_testUITests" */;
			buildPhases = (
				E3B1E7F0C0D692C9A65D674E /* [CP] Check Pods Manifest.lock */,
				A9988A441DD0AE4B0028108E /* Sources */,
				A9988A451DD0AE4B0028108E /* Frameworks */,
				A9988A461DD0AE4B0028108E /* Resources */,
				4E8FDA0795D5591178FC78E4 /* [CP] Embed Pods Frameworks */,
				DD2C24B0B8AD9CC7BEE32B82 /* [CP] Copy Pods Resources */,
			);
			buildRules = (
			);
			dependencies = (
				A9988A4A1DD0AE4B0028108E /* PBXTargetDependency */,
			);
			name = Ibeacon_testUITests;
			productName = Ibeacon_testUITests;
			productReference = A9988A481DD0AE4B0028108E /* Ibeacon_testUITests.xctest */;
			productType = "com.apple.product-type.bundle.ui-testing";
		};
/* End PBXNativeTarget section */

/* Begin PBXProject section */
		A9988A211DD0AE4A0028108E /* Project object */ = {
			isa = PBXProject;
			attributes = {
				LastSwiftUpdateCheck = 0730;
				LastUpgradeCheck = 0730;
				ORGANIZATIONNAME = "RhoEun Song";
				TargetAttributes = {
					A9988A281DD0AE4A0028108E = {
						CreatedOnToolsVersion = 7.3.1;
					};
					A9988A3C1DD0AE4B0028108E = {
						CreatedOnToolsVersion = 7.3.1;
						TestTargetID = A9988A281DD0AE4A0028108E;
					};
					A9988A471DD0AE4B0028108E = {
						CreatedOnToolsVersion = 7.3.1;
						TestTargetID = A9988A281DD0AE4A0028108E;
					};
				};
			};
			buildConfigurationList = A9988A241DD0AE4A0028108E /* Build configuration list for PBXProject "Ibeacon_test" */;
			compatibilityVersion = "Xcode 3.2";
			developmentRegion = English;
			hasScannedForEncodings = 0;
			knownRegions = (
				en,
				Base,
			);
			mainGroup = A9988A201DD0AE4A0028108E;
			productRefGroup = A9988A2A1DD0AE4A0028108E /* Products */;
			projectDirPath = "";
			projectRoot = "";
			targets = (
				A9988A281DD0AE4A0028108E /* Ibeacon_test */,
				A9988A3C1DD0AE4B0028108E /* Ibeacon_testTests */,
				A9988A471DD0AE4B0028108E /* Ibeacon_testUITests */,
			);
		};
/* End PBXProject section */

/* Begin PBXResourcesBuildPhase section */
		A9988A271DD0AE4A0028108E /* Resources */ = {
			isa = PBXResourcesBuildPhase;
			buildActionMask = 2147483647;
			files = (
				A9988A371DD0AE4A0028108E /* LaunchScreen.storyboard in Resources */,
				A9988A341DD0AE4A0028108E /* Assets.xcassets in Resources */,
				A9988A321DD0AE4A0028108E /* Main.storyboard in Resources */,
			);
			runOnlyForDeploymentPostprocessing = 0;
		};
		A9988A3B1DD0AE4B0028108E /* Resources */ = {
			isa = PBXResourcesBuildPhase;
			buildActionMask = 2147483647;
			files = (
			);
			runOnlyForDeploymentPostprocessing = 0;
		};
		A9988A461DD0AE4B0028108E /* Resources */ = {
			isa = PBXResourcesBuildPhase;
			buildActionMask = 2147483647;
			files = (
			);
			runOnlyForDeploymentPostprocessing = 0;
		};
/* End PBXResourcesBuildPhase section */

/* Begin PBXShellScriptBuildPhase section */
		24994F8FD706F5F9E844C550 /* [CP] Copy Pods Resources */ = {
			isa = PBXShellScriptBuildPhase;
			buildActionMask = 2147483647;
			files = (
			);
			inputPaths = (
			);
			name = "[CP] Copy Pods Resources";
			outputPaths = (
			);
			runOnlyForDeploymentPostprocessing = 0;
			shellPath = /bin/sh;
			shellScript = "\"${SRCROOT}/Pods/Target Support Files/Pods-Ibeacon_test/Pods-Ibeacon_test-resources.sh\"\n";
			showEnvVarsInLog = 0;
		};
		4E8FDA0795D5591178FC78E4 /* [CP] Embed Pods Frameworks */ = {
			isa = PBXShellScriptBuildPhase;
			buildActionMask = 2147483647;
			files = (
			);
			inputPaths = (
			);
			name = "[CP] Embed Pods Frameworks";
			outputPaths = (
			);
			runOnlyForDeploymentPostprocessing = 0;
			shellPath = /bin/sh;
			shellScript = "\"${SRCROOT}/Pods/Target Support Files/Pods-Ibeacon_testUITests/Pods-Ibeacon_testUITests-frameworks.sh\"\n";
			showEnvVarsInLog = 0;
		};
		6EFB27A89C1FD7CEACEAFD52 /* [CP] Check Pods Manifest.lock */ = {
			isa = PBXShellScriptBuildPhase;
			buildActionMask = 2147483647;
			files = (
			);
			inputPaths = (
			);
			name = "[CP] Check Pods Manifest.lock";
			outputPaths = (
			);
			runOnlyForDeploymentPostprocessing = 0;
			shellPath = /bin/sh;
			shellScript = "diff \"${PODS_ROOT}/../Podfile.lock\" \"${PODS_ROOT}/Manifest.lock\" > /dev/null\nif [ $? != 0 ] ; then\n    # print error to STDERR\n    echo \"error: The sandbox is not in sync with the Podfile.lock. Run 'pod install' or update your CocoaPods installation.\" >&2\n    exit 1\nfi\n";
			showEnvVarsInLog = 0;
		};
		8D25A5946F8E82323A7C7201 /* [CP] Embed Pods Frameworks */ = {
			isa = PBXShellScriptBuildPhase;
			buildActionMask = 2147483647;
			files = (
			);
			inputPaths = (
			);
			name = "[CP] Embed Pods Frameworks";
			outputPaths = (
			);
			runOnlyForDeploymentPostprocessing = 0;
			shellPath = /bin/sh;
			shellScript = "\"${SRCROOT}/Pods/Target Support Files/Pods-Ibeacon_testTests/Pods-Ibeacon_testTests-frameworks.sh\"\n";
			showEnvVarsInLog = 0;
		};
		969BEA80E52293A6B970038B /* [CP] Check Pods Manifest.lock */ = {
			isa = PBXShellScriptBuildPhase;
			buildActionMask = 2147483647;
			files = (
			);
			inputPaths = (
			);
			name = "[CP] Check Pods Manifest.lock";
			outputPaths = (
			);
			runOnlyForDeploymentPostprocessing = 0;
			shellPath = /bin/sh;
			shellScript = "diff \"${PODS_ROOT}/../Podfile.lock\" \"${PODS_ROOT}/Manifest.lock\" > /dev/null\nif [ $? != 0 ] ; then\n    # print error to STDERR\n    echo \"error: The sandbox is not in sync with the Podfile.lock. Run 'pod install' or update your CocoaPods installation.\" >&2\n    exit 1\nfi\n";
			showEnvVarsInLog = 0;
		};
		9B85545E84645492581EDDA6 /* [CP] Copy Pods Resources */ = {
			isa = PBXShellScriptBuildPhase;
			buildActionMask = 2147483647;
			files = (
			);
			inputPaths = (
			);
			name = "[CP] Copy Pods Resources";
			outputPaths = (
			);
			runOnlyForDeploymentPostprocessing = 0;
			shellPath = /bin/sh;
			shellScript = "\"${SRCROOT}/Pods/Target Support Files/Pods-Ibeacon_testTests/Pods-Ibeacon_testTests-resources.sh\"\n";
			showEnvVarsInLog = 0;
		};
		BCDF48CAE2E9CAA9322AB68B /* [CP] Embed Pods Frameworks */ = {
			isa = PBXShellScriptBuildPhase;
			buildActionMask = 2147483647;
			files = (
			);
			inputPaths = (
			);
			name = "[CP] Embed Pods Frameworks";
			outputPaths = (
			);
			runOnlyForDeploymentPostprocessing = 0;
			shellPath = /bin/sh;
			shellScript = "\"${SRCROOT}/Pods/Target Support Files/Pods-Ibeacon_test/Pods-Ibeacon_test-frameworks.sh\"\n";
			showEnvVarsInLog = 0;
		};
		DD2C24B0B8AD9CC7BEE32B82 /* [CP] Copy Pods Resources */ = {
			isa = PBXShellScriptBuildPhase;
			buildActionMask = 2147483647;
			files = (
			);
			inputPaths = (
			);
			name = "[CP] Copy Pods Resources";
			outputPaths = (
			);
			runOnlyForDeploymentPostprocessing = 0;
			shellPath = /bin/sh;
			shellScript = "\"${SRCROOT}/Pods/Target Support Files/Pods-Ibeacon_testUITests/Pods-Ibeacon_testUITests-resources.sh\"\n";
			showEnvVarsInLog = 0;
		};
		E3B1E7F0C0D692C9A65D674E /* [CP] Check Pods Manifest.lock */ = {
			isa = PBXShellScriptBuildPhase;
			buildActionMask = 2147483647;
			files = (
			);
			inputPaths = (
			);
			name = "[CP] Check Pods Manifest.lock";
			outputPaths = (
			);
			runOnlyForDeploymentPostprocessing = 0;
			shellPath = /bin/sh;
			shellScript = "diff \"${PODS_ROOT}/../Podfile.lock\" \"${PODS_ROOT}/Manifest.lock\" > /dev/null\nif [ $? != 0 ] ; then\n    # print error to STDERR\n    echo \"error: The sandbox is not in sync with the Podfile.lock. Run 'pod install' or update your CocoaPods installation.\" >&2\n    exit 1\nfi\n";
			showEnvVarsInLog = 0;
		};
/* End PBXShellScriptBuildPhase section */

/* Begin PBXSourcesBuildPhase section */
		A9988A251DD0AE4A0028108E /* Sources */ = {
			isa = PBXSourcesBuildPhase;
			buildActionMask = 2147483647;
			files = (
				841ECEF71DE22F14000AE3B6 /* DataStore.swift in Sources */,
				A9988A2F1DD0AE4A0028108E /* ViewController.swift in Sources */,
				841ECEF91DE22F27000AE3B6 /* JSONParser.swift in Sources */,
				A9988A2D1DD0AE4A0028108E /* AppDelegate.swift in Sources */,
				842AF1191DDFB35900A35D81 /* Restaurant.swift in Sources */,
				842AF11D1DDFC47F00A35D81 /* MockData.swift in Sources */,
				841ECEFB1DF40DE2000AE3B6 /* DateParser.swift in Sources */,
				841ECEF21DE18CFE000AE3B6 /* ServerRequestor.swift in Sources */,
			);
			runOnlyForDeploymentPostprocessing = 0;
		};
		A9988A391DD0AE4B0028108E /* Sources */ = {
			isa = PBXSourcesBuildPhase;
			buildActionMask = 2147483647;
			files = (
				A9988A421DD0AE4B0028108E /* Ibeacon_testTests.swift in Sources */,
			);
			runOnlyForDeploymentPostprocessing = 0;
		};
		A9988A441DD0AE4B0028108E /* Sources */ = {
			isa = PBXSourcesBuildPhase;
			buildActionMask = 2147483647;
			files = (
				A9988A4D1DD0AE4B0028108E /* Ibeacon_testUITests.swift in Sources */,
			);
			runOnlyForDeploymentPostprocessing = 0;
		};
/* End PBXSourcesBuildPhase section */

/* Begin PBXTargetDependency section */
		A9988A3F1DD0AE4B0028108E /* PBXTargetDependency */ = {
			isa = PBXTargetDependency;
			target = A9988A281DD0AE4A0028108E /* Ibeacon_test */;
			targetProxy = A9988A3E1DD0AE4B0028108E /* PBXContainerItemProxy */;
		};
		A9988A4A1DD0AE4B0028108E /* PBXTargetDependency */ = {
			isa = PBXTargetDependency;
			target = A9988A281DD0AE4A0028108E /* Ibeacon_test */;
			targetProxy = A9988A491DD0AE4B0028108E /* PBXContainerItemProxy */;
		};
/* End PBXTargetDependency section */

/* Begin PBXVariantGroup section */
		A9988A301DD0AE4A0028108E /* Main.storyboard */ = {
			isa = PBXVariantGroup;
			children = (
				A9988A311DD0AE4A0028108E /* Base */,
			);
			name = Main.storyboard;
			sourceTree = "<group>";
		};
		A9988A351DD0AE4A0028108E /* LaunchScreen.storyboard */ = {
			isa = PBXVariantGroup;
			children = (
				A9988A361DD0AE4A0028108E /* Base */,
			);
			name = LaunchScreen.storyboard;
			sourceTree = "<group>";
		};
/* End PBXVariantGroup section */

/* Begin XCBuildConfiguration section */
		A9988A4F1DD0AE4B0028108E /* Debug */ = {
			isa = XCBuildConfiguration;
			buildSettings = {
				ALWAYS_SEARCH_USER_PATHS = NO;
				CLANG_ANALYZER_NONNULL = YES;
				CLANG_CXX_LANGUAGE_STANDARD = "gnu++0x";
				CLANG_CXX_LIBRARY = "libc++";
				CLANG_ENABLE_MODULES = YES;
				CLANG_ENABLE_OBJC_ARC = YES;
				CLANG_WARN_BOOL_CONVERSION = YES;
				CLANG_WARN_CONSTANT_CONVERSION = YES;
				CLANG_WARN_DIRECT_OBJC_ISA_USAGE = YES_ERROR;
				CLANG_WARN_EMPTY_BODY = YES;
				CLANG_WARN_ENUM_CONVERSION = YES;
				CLANG_WARN_INT_CONVERSION = YES;
				CLANG_WARN_OBJC_ROOT_CLASS = YES_ERROR;
				CLANG_WARN_UNREACHABLE_CODE = YES;
				CLANG_WARN__DUPLICATE_METHOD_MATCH = YES;
				"CODE_SIGN_IDENTITY[sdk=iphoneos*]" = "iPhone Developer";
				COPY_PHASE_STRIP = NO;
				DEBUG_INFORMATION_FORMAT = dwarf;
				ENABLE_STRICT_OBJC_MSGSEND = YES;
				ENABLE_TESTABILITY = YES;
				GCC_C_LANGUAGE_STANDARD = gnu99;
				GCC_DYNAMIC_NO_PIC = NO;
				GCC_NO_COMMON_BLOCKS = YES;
				GCC_OPTIMIZATION_LEVEL = 0;
				GCC_PREPROCESSOR_DEFINITIONS = (
					"DEBUG=1",
					"$(inherited)",
				);
				GCC_WARN_64_TO_32_BIT_CONVERSION = YES;
				GCC_WARN_ABOUT_RETURN_TYPE = YES_ERROR;
				GCC_WARN_UNDECLARED_SELECTOR = YES;
				GCC_WARN_UNINITIALIZED_AUTOS = YES_AGGRESSIVE;
				GCC_WARN_UNUSED_FUNCTION = YES;
				GCC_WARN_UNUSED_VARIABLE = YES;
				IPHONEOS_DEPLOYMENT_TARGET = 9.3;
				MTL_ENABLE_DEBUG_INFO = YES;
				ONLY_ACTIVE_ARCH = YES;
				SDKROOT = iphoneos;
				SWIFT_OPTIMIZATION_LEVEL = "-Onone";
				SWIFT_VERSION = 2.3;
			};
			name = Debug;
		};
		A9988A501DD0AE4B0028108E /* Release */ = {
			isa = XCBuildConfiguration;
			buildSettings = {
				ALWAYS_SEARCH_USER_PATHS = NO;
				CLANG_ANALYZER_NONNULL = YES;
				CLANG_CXX_LANGUAGE_STANDARD = "gnu++0x";
				CLANG_CXX_LIBRARY = "libc++";
				CLANG_ENABLE_MODULES = YES;
				CLANG_ENABLE_OBJC_ARC = YES;
				CLANG_WARN_BOOL_CONVERSION = YES;
				CLANG_WARN_CONSTANT_CONVERSION = YES;
				CLANG_WARN_DIRECT_OBJC_ISA_USAGE = YES_ERROR;
				CLANG_WARN_EMPTY_BODY = YES;
				CLANG_WARN_ENUM_CONVERSION = YES;
				CLANG_WARN_INT_CONVERSION = YES;
				CLANG_WARN_OBJC_ROOT_CLASS = YES_ERROR;
				CLANG_WARN_UNREACHABLE_CODE = YES;
				CLANG_WARN__DUPLICATE_METHOD_MATCH = YES;
				"CODE_SIGN_IDENTITY[sdk=iphoneos*]" = "iPhone Developer";
				COPY_PHASE_STRIP = NO;
				DEBUG_INFORMATION_FORMAT = "dwarf-with-dsym";
				ENABLE_NS_ASSERTIONS = NO;
				ENABLE_STRICT_OBJC_MSGSEND = YES;
				GCC_C_LANGUAGE_STANDARD = gnu99;
				GCC_NO_COMMON_BLOCKS = YES;
				GCC_WARN_64_TO_32_BIT_CONVERSION = YES;
				GCC_WARN_ABOUT_RETURN_TYPE = YES_ERROR;
				GCC_WARN_UNDECLARED_SELECTOR = YES;
				GCC_WARN_UNINITIALIZED_AUTOS = YES_AGGRESSIVE;
				GCC_WARN_UNUSED_FUNCTION = YES;
				GCC_WARN_UNUSED_VARIABLE = YES;
				IPHONEOS_DEPLOYMENT_TARGET = 9.3;
				MTL_ENABLE_DEBUG_INFO = NO;
				SDKROOT = iphoneos;
				SWIFT_VERSION = 2.3;
				VALIDATE_PRODUCT = YES;
			};
			name = Release;
		};
		A9988A521DD0AE4B0028108E /* Debug */ = {
			isa = XCBuildConfiguration;
			baseConfigurationReference = 6C0E429849837ED9E107D1F8 /* Pods-Ibeacon_test.debug.xcconfig */;
			buildSettings = {
				ASSETCATALOG_COMPILER_APPICON_NAME = AppIcon;
				INFOPLIST_FILE = Ibeacon_test/Info.plist;
				LD_RUNPATH_SEARCH_PATHS = "$(inherited) @executable_path/Frameworks";
				PRODUCT_BUNDLE_IDENTIFIER = "RhoEun.Ibeacon-test";
				PRODUCT_NAME = "$(TARGET_NAME)";
				SWIFT_VERSION = 2.3;
			};
			name = Debug;
		};
		A9988A531DD0AE4B0028108E /* Release */ = {
			isa = XCBuildConfiguration;
			baseConfigurationReference = F1B88E2AAE0E63FB754DA602 /* Pods-Ibeacon_test.release.xcconfig */;
			buildSettings = {
				ASSETCATALOG_COMPILER_APPICON_NAME = AppIcon;
				INFOPLIST_FILE = Ibeacon_test/Info.plist;
				LD_RUNPATH_SEARCH_PATHS = "$(inherited) @executable_path/Frameworks";
				PRODUCT_BUNDLE_IDENTIFIER = "RhoEun.Ibeacon-test";
				PRODUCT_NAME = "$(TARGET_NAME)";
				SWIFT_VERSION = 2.3;
			};
			name = Release;
		};
		A9988A551DD0AE4B0028108E /* Debug */ = {
			isa = XCBuildConfiguration;
			baseConfigurationReference = CC1F2E606370FD302B640469 /* Pods-Ibeacon_testTests.debug.xcconfig */;
			buildSettings = {
				BUNDLE_LOADER = "$(TEST_HOST)";
				INFOPLIST_FILE = Ibeacon_testTests/Info.plist;
				LD_RUNPATH_SEARCH_PATHS = "$(inherited) @executable_path/Frameworks @loader_path/Frameworks";
				PRODUCT_BUNDLE_IDENTIFIER = "RhoEun.Ibeacon-testTests";
				PRODUCT_NAME = "$(TARGET_NAME)";
				TEST_HOST = "$(BUILT_PRODUCTS_DIR)/Ibeacon_test.app/Ibeacon_test";
			};
			name = Debug;
		};
		A9988A561DD0AE4B0028108E /* Release */ = {
			isa = XCBuildConfiguration;
			baseConfigurationReference = 2909CA7B817DB80973D09835 /* Pods-Ibeacon_testTests.release.xcconfig */;
			buildSettings = {
				BUNDLE_LOADER = "$(TEST_HOST)";
				INFOPLIST_FILE = Ibeacon_testTests/Info.plist;
				LD_RUNPATH_SEARCH_PATHS = "$(inherited) @executable_path/Frameworks @loader_path/Frameworks";
				PRODUCT_BUNDLE_IDENTIFIER = "RhoEun.Ibeacon-testTests";
				PRODUCT_NAME = "$(TARGET_NAME)";
				TEST_HOST = "$(BUILT_PRODUCTS_DIR)/Ibeacon_test.app/Ibeacon_test";
			};
			name = Release;
		};
		A9988A581DD0AE4B0028108E /* Debug */ = {
			isa = XCBuildConfiguration;
			baseConfigurationReference = 2CC076563E83BDEA62E79D43 /* Pods-Ibeacon_testUITests.debug.xcconfig */;
			buildSettings = {
				INFOPLIST_FILE = Ibeacon_testUITests/Info.plist;
				LD_RUNPATH_SEARCH_PATHS = "$(inherited) @executable_path/Frameworks @loader_path/Frameworks";
				PRODUCT_BUNDLE_IDENTIFIER = "RhoEun.Ibeacon-testUITests";
				PRODUCT_NAME = "$(TARGET_NAME)";
				TEST_TARGET_NAME = Ibeacon_test;
			};
			name = Debug;
		};
		A9988A591DD0AE4B0028108E /* Release */ = {
			isa = XCBuildConfiguration;
			baseConfigurationReference = BE91D227B134D25C1D6BFE3A /* Pods-Ibeacon_testUITests.release.xcconfig */;
			buildSettings = {
				INFOPLIST_FILE = Ibeacon_testUITests/Info.plist;
				LD_RUNPATH_SEARCH_PATHS = "$(inherited) @executable_path/Frameworks @loader_path/Frameworks";
				PRODUCT_BUNDLE_IDENTIFIER = "RhoEun.Ibeacon-testUITests";
				PRODUCT_NAME = "$(TARGET_NAME)";
				TEST_TARGET_NAME = Ibeacon_test;
			};
			name = Release;
		};
/* End XCBuildConfiguration section */

/* Begin XCConfigurationList section */
		A9988A241DD0AE4A0028108E /* Build configuration list for PBXProject "Ibeacon_test" */ = {
			isa = XCConfigurationList;
			buildConfigurations = (
				A9988A4F1DD0AE4B0028108E /* Debug */,
				A9988A501DD0AE4B0028108E /* Release */,
			);
			defaultConfigurationIsVisible = 0;
			defaultConfigurationName = Release;
		};
		A9988A511DD0AE4B0028108E /* Build configuration list for PBXNativeTarget "Ibeacon_test" */ = {
			isa = XCConfigurationList;
			buildConfigurations = (
				A9988A521DD0AE4B0028108E /* Debug */,
				A9988A531DD0AE4B0028108E /* Release */,
			);
			defaultConfigurationIsVisible = 0;
			defaultConfigurationName = Release;
		};
		A9988A541DD0AE4B0028108E /* Build configuration list for PBXNativeTarget "Ibeacon_testTests" */ = {
			isa = XCConfigurationList;
			buildConfigurations = (
				A9988A551DD0AE4B0028108E /* Debug */,
				A9988A561DD0AE4B0028108E /* Release */,
			);
			defaultConfigurationIsVisible = 0;
			defaultConfigurationName = Release;
		};
		A9988A571DD0AE4B0028108E /* Build configuration list for PBXNativeTarget "Ibeacon_testUITests" */ = {
			isa = XCConfigurationList;
			buildConfigurations = (
				A9988A581DD0AE4B0028108E /* Debug */,
				A9988A591DD0AE4B0028108E /* Release */,
			);
			defaultConfigurationIsVisible = 0;
			defaultConfigurationName = Release;
		};
/* End XCConfigurationList section */
	};
	rootObject = A9988A211DD0AE4A0028108E /* Project object */;
}
